
Microsoft Visual Studio Solution File, Format Version 11.00
# Visual Studio 2010
Project("{FAE04EC0-301F-11D3-BF4B-00C04F79EFBC}") = "Assembly-CSharp", "Assembly-CSharp.csproj", "{564D1F64-AFE0-6044-B6E5-33822B8C1D5A}"
EndProject
Project("{FAE04EC0-301F-11D3-BF4B-00C04F79EFBC}") = "Assembly-CSharp-Editor", "Assembly-CSharp-Editor.csproj", "{CC87408F-12A2-2FC1-DFE7-C5F735D961E7}"
EndProject
Global
	GlobalSection(SolutionConfigurationPlatforms) = preSolution
		Debug|Any CPU = Debug|Any CPU
		Release|Any CPU = Release|Any CPU
	EndGlobalSection
	GlobalSection(ProjectConfigurationPlatforms) = postSolution
		{564D1F64-AFE0-6044-B6E5-33822B8C1D5A}.Debug|Any CPU.ActiveCfg = Debug|Any CPU
		{564D1F64-AFE0-6044-B6E5-33822B8C1D5A}.Debug|Any CPU.Build.0 = Debug|Any CPU
		{564D1F64-AFE0-6044-B6E5-33822B8C1D5A}.Release|Any CPU.ActiveCfg = Release|Any CPU
		{564D1F64-AFE0-6044-B6E5-33822B8C1D5A}.Release|Any CPU.Build.0 = Release|Any CPU
		{CC87408F-12A2-2FC1-DFE7-C5F735D961E7}.Debug|Any CPU.ActiveCfg = Debug|Any CPU
		{CC87408F-12A2-2FC1-DFE7-C5F735D961E7}.Debug|Any CPU.Build.0 = Debug|Any CPU
		{CC87408F-12A2-2FC1-DFE7-C5F735D961E7}.Release|Any CPU.ActiveCfg = Release|Any CPU
		{CC87408F-12A2-2FC1-DFE7-C5F735D961E7}.Release|Any CPU.Build.0 = Release|Any CPU
	EndGlobalSection
	GlobalSection(SolutionProperties) = preSolution
		HideSolutionNode = FALSE
	EndGlobalSection
EndGlobal
